
Microsoft Visual Studio Solution File, Format Version 12.00
# Visual Studio Version 17
VisualStudioVersion = 17.3.32825.248
MinimumVisualStudioVersion = 10.0.40219.1
Project("{FAE04EC0-301F-11D3-BF4B-00C04F79EFBC}") = "TicToc", "TicToc\TicToc.csproj", "{222EE4CB-3FF8-4002-9C2C-80B33CD91B05}"
EndProject
Global
	GlobalSection(SolutionConfigurationPlatforms) = preSolution
		Debug|Any CPU = Debug|Any CPU
		Release|Any CPU = Release|Any CPU
	EndGlobalSection
	GlobalSection(ProjectConfigurationPlatforms) = postSolution
		{222EE4CB-3FF8-4002-9C2C-80B33CD91B05}.Debug|Any CPU.ActiveCfg = Debug|Any CPU
		{222EE4CB-3FF8-4002-9C2C-80B33CD91B05}.Debug|Any CPU.Build.0 = Debug|Any CPU
		{222EE4CB-3FF8-4002-9C2C-80B33CD91B05}.Release|Any CPU.ActiveCfg = Release|Any CPU
		{222EE4CB-3FF8-4002-9C2C-80B33CD91B05}.Release|Any CPU.Build.0 = Release|Any CPU
	EndGlobalSection
	GlobalSection(SolutionProperties) = preSolution
		HideSolutionNode = FALSE
	EndGlobalSection
	GlobalSection(ExtensibilityGlobals) = postSolution
		SolutionGuid = {9EC1AEED-325D-4B66-8DF0-B703DA86F49C}
	EndGlobalSection
EndGlobal
